// !$*UTF8*$!
{
	archiveVersion = 1;
	classes = {
	};
	objectVersion = 46;
	objects = {

/* Begin PBXBuildFile section */
		7D0E83D21C5C457A00E98C8D /* Assets.xcassets in Resources */ = {isa = PBXBuildFile; fileRef = 7D0E83D11C5C457A00E98C8D /* Assets.xcassets */; };
		7D0E83D41C5C459200E98C8D /* Story.plist in Resources */ = {isa = PBXBuildFile; fileRef = 7D0E83D31C5C459200E98C8D /* Story.plist */; };
		7D6B683E1C5B8BBA00EB311B /* Main.storyboard in Resources */ = {isa = PBXBuildFile; fileRef = 7D6B683C1C5B8BBA00EB311B /* Main.storyboard */; };
		7D6B68431C5B8BBA00EB311B /* LaunchScreen.storyboard in Resources */ = {isa = PBXBuildFile; fileRef = 7D6B68411C5B8BBA00EB311B /* LaunchScreen.storyboard */; };
		7D6B68501C5B8D9800EB311B /* AppDelegate.swift in Sources */ = {isa = PBXBuildFile; fileRef = 7D6B684B1C5B8D9800EB311B /* AppDelegate.swift */; };
		7D6B68511C5B8D9800EB311B /* ViewController.swift in Sources */ = {isa = PBXBuildFile; fileRef = 7D6B684D1C5B8D9800EB311B /* ViewController.swift */; };
		7D6B68531C5C1A9700EB311B /* StoryManager.swift in Sources */ = {isa = PBXBuildFile; fileRef = 7D6B68521C5C1A9700EB311B /* StoryManager.swift */; };
		7D6B68551C5C209B00EB311B /* Passage.swift in Sources */ = {isa = PBXBuildFile; fileRef = 7D6B68541C5C209B00EB311B /* Passage.swift */; };
		7D6B68571C5C242C00EB311B /* ChoiceButton.swift in Sources */ = {isa = PBXBuildFile; fileRef = 7D6B68561C5C242C00EB311B /* ChoiceButton.swift */; };
		7D6B685A1C5C289D00EB311B /* ChoiceTableViewCell.swift in Sources */ = {isa = PBXBuildFile; fileRef = 7D6B68581C5C289D00EB311B /* ChoiceTableViewCell.swift */; };
		7D6B685B1C5C289D00EB311B /* ChoiceTableViewCell.xib in Resources */ = {isa = PBXBuildFile; fileRef = 7D6B68591C5C289D00EB311B /* ChoiceTableViewCell.xib */; };
		7D6B685E1C5C28B200EB311B /* PassageTableViewCell.swift in Sources */ = {isa = PBXBuildFile; fileRef = 7D6B685C1C5C28B200EB311B /* PassageTableViewCell.swift */; };
		7D6B685F1C5C28B200EB311B /* PassageTableViewCell.xib in Resources */ = {isa = PBXBuildFile; fileRef = 7D6B685D1C5C28B200EB311B /* PassageTableViewCell.xib */; };
/* End PBXBuildFile section */

/* Begin PBXFileReference section */
		7D0E83D11C5C457A00E98C8D /* Assets.xcassets */ = {isa = PBXFileReference; lastKnownFileType = folder.assetcatalog; path = Assets.xcassets; sourceTree = "<group>"; };
		7D0E83D31C5C459200E98C8D /* Story.plist */ = {isa = PBXFileReference; fileEncoding = 4; lastKnownFileType = text.plist.xml; path = Story.plist; sourceTree = "<group>"; };
		7D6B68351C5B8BBA00EB311B /* Ashore.app */ = {isa = PBXFileReference; explicitFileType = wrapper.application; includeInIndex = 0; path = Ashore.app; sourceTree = BUILT_PRODUCTS_DIR; };
		7D6B683D1C5B8BBA00EB311B /* Base */ = {isa = PBXFileReference; lastKnownFileType = file.storyboard; name = Base; path = Base.lproj/Main.storyboard; sourceTree = "<group>"; };
		7D6B68421C5B8BBA00EB311B /* Base */ = {isa = PBXFileReference; lastKnownFileType = file.storyboard; name = Base; path = Base.lproj/LaunchScreen.storyboard; sourceTree = "<group>"; };
		7D6B68441C5B8BBA00EB311B /* Info.plist */ = {isa = PBXFileReference; lastKnownFileType = text.plist.xml; path = Info.plist; sourceTree = "<group>"; };
		7D6B684B1C5B8D9800EB311B /* AppDelegate.swift */ = {isa = PBXFileReference; fileEncoding = 4; lastKnownFileType = sourcecode.swift; path = AppDelegate.swift; sourceTree = "<group>"; };
		7D6B684D1C5B8D9800EB311B /* ViewController.swift */ = {isa = PBXFileReference; fileEncoding = 4; lastKnownFileType = sourcecode.swift; path = ViewController.swift; sourceTree = "<group>"; };
		7D6B68521C5C1A9700EB311B /* StoryManager.swift */ = {isa = PBXFileReference; fileEncoding = 4; lastKnownFileType = sourcecode.swift; path = StoryManager.swift; sourceTree = "<group>"; };
		7D6B68541C5C209B00EB311B /* Passage.swift */ = {isa = PBXFileReference; fileEncoding = 4; lastKnownFileType = sourcecode.swift; path = Passage.swift; sourceTree = "<group>"; };
		7D6B68561C5C242C00EB311B /* ChoiceButton.swift */ = {isa = PBXFileReference; fileEncoding = 4; lastKnownFileType = sourcecode.swift; path = ChoiceButton.swift; sourceTree = "<group>"; };
		7D6B68581C5C289D00EB311B /* ChoiceTableViewCell.swift */ = {isa = PBXFileReference; fileEncoding = 4; lastKnownFileType = sourcecode.swift; path = ChoiceTableViewCell.swift; sourceTree = "<group>"; };
		7D6B68591C5C289D00EB311B /* ChoiceTableViewCell.xib */ = {isa = PBXFileReference; fileEncoding = 4; lastKnownFileType = file.xib; path = ChoiceTableViewCell.xib; sourceTree = "<group>"; };
		7D6B685C1C5C28B200EB311B /* PassageTableViewCell.swift */ = {isa = PBXFileReference; fileEncoding = 4; lastKnownFileType = sourcecode.swift; path = PassageTableViewCell.swift; sourceTree = "<group>"; };
		7D6B685D1C5C28B200EB311B /* PassageTableViewCell.xib */ = {isa = PBXFileReference; fileEncoding = 4; lastKnownFileType = file.xib; path = PassageTableViewCell.xib; sourceTree = "<group>"; };
/* End PBXFileReference section */

/* Begin PBXFrameworksBuildPhase section */
		7D6B68321C5B8BBA00EB311B /* Frameworks */ = {
			isa = PBXFrameworksBuildPhase;
			buildActionMask = 2147483647;
			files = (
			);
			runOnlyForDeploymentPostprocessing = 0;
		};
/* End PBXFrameworksBuildPhase section */

/* Begin PBXGroup section */
		7D0E83D01C5C457A00E98C8D /* Resources */ = {
			isa = PBXGroup;
			children = (
				7D0E83D11C5C457A00E98C8D /* Assets.xcassets */,
				7D0E83D31C5C459200E98C8D /* Story.plist */,
			);
			path = Resources;
			sourceTree = "<group>";
		};
		7D6B682C1C5B8BBA00EB311B = {
			isa = PBXGroup;
			children = (
				7D6B68371C5B8BBA00EB311B /* Ashore */,
				7D6B68361C5B8BBA00EB311B /* Products */,
			);
			sourceTree = "<group>";
		};
		7D6B68361C5B8BBA00EB311B /* Products */ = {
			isa = PBXGroup;
			children = (
				7D6B68351C5B8BBA00EB311B /* Ashore.app */,
			);
			name = Products;
			sourceTree = "<group>";
		};
		7D6B68371C5B8BBA00EB311B /* Ashore */ = {
			isa = PBXGroup;
			children = (
				7D0E83D01C5C457A00E98C8D /* Resources */,
				7D6B684A1C5B8D9800EB311B /* Source */,
				7D6B683C1C5B8BBA00EB311B /* Main.storyboard */,
				7D6B68411C5B8BBA00EB311B /* LaunchScreen.storyboard */,
				7D6B68441C5B8BBA00EB311B /* Info.plist */,
			);
			path = Ashore;
			sourceTree = "<group>";
		};
		7D6B684A1C5B8D9800EB311B /* Source */ = {
			isa = PBXGroup;
			children = (
				7D6B684C1C5B8D9800EB311B /* Controller */,
				7D6B684E1C5B8D9800EB311B /* Model */,
				7D6B684F1C5B8D9800EB311B /* Views */,
				7D6B684B1C5B8D9800EB311B /* AppDelegate.swift */,
			);
			path = Source;
			sourceTree = "<group>";
		};
		7D6B684C1C5B8D9800EB311B /* Controller */ = {
			isa = PBXGroup;
			children = (
				7D6B684D1C5B8D9800EB311B /* ViewController.swift */,
			);
			path = Controller;
			sourceTree = "<group>";
		};
		7D6B684E1C5B8D9800EB311B /* Model */ = {
			isa = PBXGroup;
			children = (
				7D6B68521C5C1A9700EB311B /* StoryManager.swift */,
				7D6B68541C5C209B00EB311B /* Passage.swift */,
			);
			path = Model;
			sourceTree = "<group>";
		};
		7D6B684F1C5B8D9800EB311B /* Views */ = {
			isa = PBXGroup;
			children = (
				7D6B68561C5C242C00EB311B /* ChoiceButton.swift */,
				7D6B68581C5C289D00EB311B /* ChoiceTableViewCell.swift */,
				7D6B68591C5C289D00EB311B /* ChoiceTableViewCell.xib */,
				7D6B685C1C5C28B200EB311B /* PassageTableViewCell.swift */,
				7D6B685D1C5C28B200EB311B /* PassageTableViewCell.xib */,
			);
			path = Views;
			sourceTree = "<group>";
		};
/* End PBXGroup section */

/* Begin PBXNativeTarget section */
		7D6B68341C5B8BBA00EB311B /* Ashore */ = {
			isa = PBXNativeTarget;
			buildConfigurationList = 7D6B68471C5B8BBA00EB311B /* Build configuration list for PBXNativeTarget "Ashore" */;
			buildPhases = (
				7D6B68311C5B8BBA00EB311B /* Sources */,
				7D6B68321C5B8BBA00EB311B /* Frameworks */,
				7D6B68331C5B8BBA00EB311B /* Resources */,
			);
			buildRules = (
			);
			dependencies = (
			);
			name = Ashore;
			productName = Ashore;
			productReference = 7D6B68351C5B8BBA00EB311B /* Ashore.app */;
			productType = "com.apple.product-type.application";
		};
/* End PBXNativeTarget section */

/* Begin PBXProject section */
		7D6B682D1C5B8BBA00EB311B /* Project object */ = {
			isa = PBXProject;
			attributes = {
				LastSwiftUpdateCheck = 0720;
				LastUpgradeCheck = 0720;
				ORGANIZATIONNAME = "Beau Nouvelle";
				TargetAttributes = {
					7D6B68341C5B8BBA00EB311B = {
						CreatedOnToolsVersion = 7.2;
					};
				};
			};
			buildConfigurationList = 7D6B68301C5B8BBA00EB311B /* Build configuration list for PBXProject "Ashore" */;
			compatibilityVersion = "Xcode 3.2";
			developmentRegion = English;
			hasScannedForEncodings = 0;
			knownRegions = (
				en,
				Base,
			);
			mainGroup = 7D6B682C1C5B8BBA00EB311B;
			productRefGroup = 7D6B68361C5B8BBA00EB311B /* Products */;
			projectDirPath = "";
			projectRoot = "";
			targets = (
				7D6B68341C5B8BBA00EB311B /* Ashore */,
			);
		};
/* End PBXProject section */

/* Begin PBXResourcesBuildPhase section */
		7D6B68331C5B8BBA00EB311B /* Resources */ = {
			isa = PBXResourcesBuildPhase;
			buildActionMask = 2147483647;
			files = (
				7D6B68431C5B8BBA00EB311B /* LaunchScreen.storyboard in Resources */,
				7D6B685B1C5C289D00EB311B /* ChoiceTableViewCell.xib in Resources */,
				7D0E83D41C5C459200E98C8D /* Story.plist in Resources */,
				7D6B685F1C5C28B200EB311B /* PassageTableViewCell.xib in Resources */,
				7D0E83D21C5C457A00E98C8D /* Assets.xcassets in Resources */,
				7D6B683E1C5B8BBA00EB311B /* Main.storyboard in Resources */,
			);
			runOnlyForDeploymentPostprocessing = 0;
		};
/* End PBXResourcesBuildPhase section */

/* Begin PBXSourcesBuildPhase section */
		7D6B68311C5B8BBA00EB311B /* Sources */ = {
			isa = PBXSourcesBuildPhase;
			buildActionMask = 2147483647;
			files = (
				7D6B685E1C5C28B200EB311B /* PassageTableViewCell.swift in Sources */,
				7D6B68551C5C209B00EB311B /* Passage.swift in Sources */,
				7D6B68501C5B8D9800EB311B /* AppDelegate.swift in Sources */,
				7D6B68571C5C242C00EB311B /* ChoiceButton.swift in Sources */,
				7D6B68531C5C1A9700EB311B /* StoryManager.swift in Sources */,
				7D6B685A1C5C289D00EB311B /* ChoiceTableViewCell.swift in Sources */,
				7D6B68511C5B8D9800EB311B /* ViewController.swift in Sources */,
			);
			runOnlyForDeploymentPostprocessing = 0;
		};
/* End PBXSourcesBuildPhase section */

/* Begin PBXVariantGroup section */
		7D6B683C1C5B8BBA00EB311B /* Main.storyboard */ = {
			isa = PBXVariantGroup;
			children = (
				7D6B683D1C5B8BBA00EB311B /* Base */,
			);
			name = Main.storyboard;
			sourceTree = "<group>";
		};
		7D6B68411C5B8BBA00EB311B /* LaunchScreen.storyboard */ = {
			isa = PBXVariantGroup;
			children = (
				7D6B68421C5B8BBA00EB311B /* Base */,
			);
			name = LaunchScreen.storyboard;
			sourceTree = "<group>";
		};
/* End PBXVariantGroup section */

/* Begin XCBuildConfiguration section */
		7D6B68451C5B8BBA00EB311B /* Debug */ = {
			isa = XCBuildConfiguration;
			buildSettings = {
				ALWAYS_SEARCH_USER_PATHS = NO;
				CLANG_CXX_LANGUAGE_STANDARD = "gnu++0x";
				CLANG_CXX_LIBRARY = "libc++";
				CLANG_ENABLE_MODULES = YES;
				CLANG_ENABLE_OBJC_ARC = YES;
				CLANG_WARN_BOOL_CONVERSION = YES;
				CLANG_WARN_CONSTANT_CONVERSION = YES;
				CLANG_WARN_DIRECT_OBJC_ISA_USAGE = YES_ERROR;
				CLANG_WARN_EMPTY_BODY = YES;
				CLANG_WARN_ENUM_CONVERSION = YES;
				CLANG_WARN_INT_CONVERSION = YES;
				CLANG_WARN_OBJC_ROOT_CLASS = YES_ERROR;
				CLANG_WARN_UNREACHABLE_CODE = YES;
				CLANG_WARN__DUPLICATE_METHOD_MATCH = YES;
				"CODE_SIGN_IDENTITY[sdk=iphoneos*]" = "iPhone Developer";
				COPY_PHASE_STRIP = NO;
				DEBUG_INFORMATION_FORMAT = dwarf;
				ENABLE_STRICT_OBJC_MSGSEND = YES;
				ENABLE_TESTABILITY = YES;
				GCC_C_LANGUAGE_STANDARD = gnu99;
				GCC_DYNAMIC_NO_PIC = NO;
				GCC_NO_COMMON_BLOCKS = YES;
				GCC_OPTIMIZATION_LEVEL = 0;
				GCC_PREPROCESSOR_DEFINITIONS = (
					"DEBUG=1",
					"$(inherited)",
				);
				GCC_WARN_64_TO_32_BIT_CONVERSION = YES;
				GCC_WARN_ABOUT_RETURN_TYPE = YES_ERROR;
				GCC_WARN_UNDECLARED_SELECTOR = YES;
				GCC_WARN_UNINITIALIZED_AUTOS = YES_AGGRESSIVE;
				GCC_WARN_UNUSED_FUNCTION = YES;
				GCC_WARN_UNUSED_VARIABLE = YES;
				IPHONEOS_DEPLOYMENT_TARGET = 9.2;
				MTL_ENABLE_DEBUG_INFO = YES;
				ONLY_ACTIVE_ARCH = YES;
				SDKROOT = iphoneos;
				SWIFT_OPTIMIZATION_LEVEL = "-Onone";
				TARGETED_DEVICE_FAMILY = "1,2";
			};
			name = Debug;
		};
		7D6B68461C5B8BBA00EB311B /* Release */ = {
			isa = XCBuildConfiguration;
			buildSettings = {
				ALWAYS_SEARCH_USER_PATHS = NO;
				CLANG_CXX_LANGUAGE_STANDARD = "gnu++0x";
				CLANG_CXX_LIBRARY = "libc++";
				CLANG_ENABLE_MODULES = YES;
				CLANG_ENABLE_OBJC_ARC = YES;
				CLANG_WARN_BOOL_CONVERSION = YES;
				CLANG_WARN_CONSTANT_CONVERSION = YES;
				CLANG_WARN_DIRECT_OBJC_ISA_USAGE = YES_ERROR;
				CLANG_WARN_EMPTY_BODY = YES;
				CLANG_WARN_ENUM_CONVERSION = YES;
				CLANG_WARN_INT_CONVERSION = YES;
				CLANG_WARN_OBJC_ROOT_CLASS = YES_ERROR;
				CLANG_WARN_UNREACHABLE_CODE = YES;
				CLANG_WARN__DUPLICATE_METHOD_MATCH = YES;
				"CODE_SIGN_IDENTITY[sdk=iphoneos*]" = "iPhone Developer";
				COPY_PHASE_STRIP = NO;
				DEBUG_INFORMATION_FORMAT = "dwarf-with-dsym";
				ENABLE_NS_ASSERTIONS = NO;
				ENABLE_STRICT_OBJC_MSGSEND = YES;
				GCC_C_LANGUAGE_STANDARD = gnu99;
				GCC_NO_COMMON_BLOCKS = YES;
				GCC_WARN_64_TO_32_BIT_CONVERSION = YES;
				GCC_WARN_ABOUT_RETURN_TYPE = YES_ERROR;
				GCC_WARN_UNDECLARED_SELECTOR = YES;
				GCC_WARN_UNINITIALIZED_AUTOS = YES_AGGRESSIVE;
				GCC_WARN_UNUSED_FUNCTION = YES;
				GCC_WARN_UNUSED_VARIABLE = YES;
				IPHONEOS_DEPLOYMENT_TARGET = 9.2;
				MTL_ENABLE_DEBUG_INFO = NO;
				SDKROOT = iphoneos;
				TARGETED_DEVICE_FAMILY = "1,2";
				VALIDATE_PRODUCT = YES;
			};
			name = Release;
		};
		7D6B68481C5B8BBA00EB311B /* Debug */ = {
			isa = XCBuildConfiguration;
			buildSettings = {
				ASSETCATALOG_COMPILER_APPICON_NAME = AppIcon;
				INFOPLIST_FILE = Ashore/Info.plist;
				LD_RUNPATH_SEARCH_PATHS = "$(inherited) @executable_path/Frameworks";
				PRODUCT_BUNDLE_IDENTIFIER = com.nouvelle.Ashore;
				PRODUCT_NAME = "$(TARGET_NAME)";
			};
			name = Debug;
		};
		7D6B68491C5B8BBA00EB311B /* Release */ = {
			isa = XCBuildConfiguration;
			buildSettings = {
				ASSETCATALOG_COMPILER_APPICON_NAME = AppIcon;
				INFOPLIST_FILE = Ashore/Info.plist;
				LD_RUNPATH_SEARCH_PATHS = "$(inherited) @executable_path/Frameworks";
				PRODUCT_BUNDLE_IDENTIFIER = com.nouvelle.Ashore;
				PRODUCT_NAME = "$(TARGET_NAME)";
			};
			name = Release;
		};
/* End XCBuildConfiguration section */

/* Begin XCConfigurationList section */
		7D6B68301C5B8BBA00EB311B /* Build configuration list for PBXProject "Ashore" */ = {
			isa = XCConfigurationList;
			buildConfigurations = (
				7D6B68451C5B8BBA00EB311B /* Debug */,
				7D6B68461C5B8BBA00EB311B /* Release */,
			);
			defaultConfigurationIsVisible = 0;
			defaultConfigurationName = Release;
		};
		7D6B68471C5B8BBA00EB311B /* Build configuration list for PBXNativeTarget "Ashore" */ = {
			isa = XCConfigurationList;
			buildConfigurations = (
				7D6B68481C5B8BBA00EB311B /* Debug */,
				7D6B68491C5B8BBA00EB311B /* Release */,
			);
			defaultConfigurationIsVisible = 0;
			defaultConfigurationName = Release;
		};
/* End XCConfigurationList section */
	};
	rootObject = 7D6B682D1C5B8BBA00EB311B /* Project object */;
}
